# THIS IS AN AUTOGENERATED FILE. DO NOT EDIT THIS FILE DIRECTLY.
# yarn lockfile v1


"@springtype/core@../../core/dist":
  version "1.0.0-alpha.1.38"
  dependencies:
    "@types/node" "^11.13.4"
    reflect-metadata "^0.1.12"
    tslib "^1.9.3"

"@types/node@^11.13.4":
  version "11.13.20"
  resolved "https://registry.yarnpkg.com/@types/node/-/node-11.13.20.tgz#da42fe93d6599f80b35ffeb5006f4c31f40d89ea"
  integrity sha512-JE0UpLWZTV1sGcaj0hN+Q0760OEjpgyFJ06DOMVW6qKBducKdJQaIw0TGL6ccj7VXRduIOHLWQi+tHwulZJHVQ==

"@types/node@^11.13.7":
  version "11.13.19"
  resolved "https://registry.yarnpkg.com/@types/node/-/node-11.13.19.tgz#c7bd7009aa850464775d8a814e18138d633cd676"
  integrity sha512-tLRDU1hmcWamtgRT2iVRdraAQVGFQGgtcqracSo9XyMN1VeZLSVGb8RJJxVqab7UGbijoUijGPVFMjmqzyZIUw==

node-bin-setup@^1.0.0:
  version "1.0.6"
  resolved "https://registry.yarnpkg.com/node-bin-setup/-/node-bin-setup-1.0.6.tgz#4b5c9bb937ece702d7069b36ca78af4684677528"
  integrity sha512-uPIxXNis1CRbv1DwqAxkgBk5NFV3s7cMN/Gf556jSw6jBvV7ca4F9lRL/8cALcZecRibeqU+5dFYqFFmzv5a0Q==

node@^12.6.0:
  version "12.8.1"
  resolved "https://registry.yarnpkg.com/node/-/node-12.8.1.tgz#037af95afc8d08532d8797c3ab573310221fefa2"
  integrity sha512-oEBcLagap4lSVPWxZim1hyQ5xsd+3nFbB/dAEmY2hoAgF38hIXRBj1foZRXAqfRXdmUhdMoNGVcTvgTg2i1eQQ==
  dependencies:
    node-bin-setup "^1.0.0"

reflect-metadata@^0.1.12:
  version "0.1.13"
  resolved "https://registry.yarnpkg.com/reflect-metadata/-/reflect-metadata-0.1.13.tgz#67ae3ca57c972a2aa1642b10fe363fe32d49dc08"
  integrity sha512-Ts1Y/anZELhSsjMcU605fU9RE4Oi3p5ORujwbIKXfWa+0Zxs510Qrmrce5/Jowq3cHSZSJqBjypxmHarc+vEWg==

tslib@^1.9.3:
  version "1.10.0"
  resolved "https://registry.yarnpkg.com/tslib/-/tslib-1.10.0.tgz#c3c19f95973fb0a62973fb09d90d961ee43e5c8a"
  integrity sha512-qOebF53frne81cf0S9B41ByenJ3/IuH8yJKngAX35CmiZySA0khhkovshKK+jGCaMnVomla7gVlIcc3EvKPbTQ==

typescript@^3.3.4000:
  version "3.5.3"
  resolved "https://registry.yarnpkg.com/typescript/-/typescript-3.5.3.tgz#c830f657f93f1ea846819e929092f5fe5983e977"
  integrity sha512-ACzBtm/PhXBDId6a6sDJfroT2pOWt/oOnk4/dElG5G33ZL776N3Y6/6bKZJBFpd+b05F3Ct9qDjMeJmRWtE2/g==
