{
  "name": "@springtype/springtype-incubator-i18n",
  "version": "0.0.1",
  "lockfileVersion": 1,
  "requires": true,
  "dependencies": {
    "@springtype/springtype-incubator-core": {
      "version": "file:../core",
      "requires": {
        "@babel/types": "^7.1.3",
        "@rematch/core": "^1.0.6",
        "@types/lodash": "^4.14.122",
        "@types/node": "^10.14.1",
        "@webcomponents/custom-elements": "^1.2.1",
        "@webcomponents/shadycss": "^1.9.0",
        "@webcomponents/shadydom": "^1.5.0",
        "@webcomponents/webcomponentsjs": "^2.2.7",
        "lodash": "^4.17.11",
        "reflect-metadata": "^0.1.12",
        "ts-node": "^7.0.1",
        "tslib": "^1.9.3",
        "typestyle": "^2.0.1"
      },
      "dependencies": {
        "@babel/types": {
          "version": "7.3.4",
          "bundled": true,
          "requires": {
            "esutils": "^2.0.2",
            "lodash": "^4.17.11",
            "to-fast-properties": "^2.0.0"
          }
        },
        "@rematch/core": {
          "version": "1.1.0",
          "bundled": true,
          "requires": {
            "redux": "^4.0.1"
          }
        },
        "@types/lodash": {
          "version": "4.14.122",
          "bundled": true
        },
        "@types/node": {
          "version": "10.14.1",
          "bundled": true
        },
        "@webcomponents/custom-elements": {
          "version": "1.2.1",
          "bundled": true
        },
        "@webcomponents/shadycss": {
          "version": "1.9.0",
          "bundled": true
        },
        "@webcomponents/shadydom": {
          "version": "1.5.0",
          "bundled": true
        },
        "@webcomponents/webcomponentsjs": {
          "version": "2.2.7",
          "bundled": true
        },
        "arrify": {
          "version": "1.0.1",
          "bundled": true
        },
        "buffer-from": {
          "version": "1.1.1",
          "bundled": true
        },
        "csstype": {
          "version": "2.6.3",
          "bundled": true
        },
        "diff": {
          "version": "3.5.0",
          "bundled": true
        },
        "esutils": {
          "version": "2.0.2",
          "bundled": true
        },
        "free-style": {
          "version": "2.5.1",
          "bundled": true
        },
        "js-tokens": {
          "version": "4.0.0",
          "bundled": true
        },
        "lodash": {
          "version": "4.17.11",
          "bundled": true
        },
        "loose-envify": {
          "version": "1.4.0",
          "bundled": true,
          "requires": {
            "js-tokens": "^3.0.0 || ^4.0.0"
          }
        },
        "make-error": {
          "version": "1.3.5",
          "bundled": true
        },
        "minimist": {
          "version": "1.2.0",
          "bundled": true
        },
        "mkdirp": {
          "version": "0.5.1",
          "bundled": true,
          "requires": {
            "minimist": "0.0.8"
          },
          "dependencies": {
            "minimist": {
              "version": "0.0.8",
              "bundled": true
            }
          }
        },
        "redux": {
          "version": "4.0.1",
          "bundled": true,
          "requires": {
            "loose-envify": "^1.4.0",
            "symbol-observable": "^1.2.0"
          }
        },
        "reflect-metadata": {
          "version": "0.1.13",
          "bundled": true
        },
        "source-map": {
          "version": "0.6.1",
          "bundled": true
        },
        "source-map-support": {
          "version": "0.5.10",
          "bundled": true,
          "requires": {
            "buffer-from": "^1.0.0",
            "source-map": "^0.6.0"
          }
        },
        "symbol-observable": {
          "version": "1.2.0",
          "bundled": true
        },
        "to-fast-properties": {
          "version": "2.0.0",
          "bundled": true
        },
        "ts-node": {
          "version": "7.0.1",
          "bundled": true,
          "requires": {
            "arrify": "^1.0.0",
            "buffer-from": "^1.1.0",
            "diff": "^3.1.0",
            "make-error": "^1.1.1",
            "minimist": "^1.2.0",
            "mkdirp": "^0.5.1",
            "source-map-support": "^0.5.6",
            "yn": "^2.0.0"
          }
        },
        "tslib": {
          "version": "1.9.3",
          "bundled": true
        },
        "typescript": {
          "version": "3.3.3333",
          "bundled": true
        },
        "typestyle": {
          "version": "2.0.1",
          "bundled": true,
          "requires": {
            "csstype": "^2.4.0",
            "free-style": "2.5.1"
          }
        },
        "yn": {
          "version": "2.0.0",
          "bundled": true
        }
      }
    },
    "@types/i18next": {
      "version": "12.1.0",
      "resolved": "https://registry.npmjs.org/@types/i18next/-/i18next-12.1.0.tgz",
      "integrity": "sha512-qLyqTkp3ZKHsSoX8CNVYcTyTkxlm0aRCUpaUVetgkSlSpiNCdWryOgaYwgbO04tJIfLgBXPcy0tJ3Nl/RagllA=="
    },
    "@types/node": {
      "version": "11.11.6",
      "resolved": "https://registry.npmjs.org/@types/node/-/node-11.11.6.tgz",
      "integrity": "sha512-Exw4yUWMBXM3X+8oqzJNRqZSwUAaS4+7NdvHqQuFi/d+synz++xmX3QIf+BFqneW8N31R8Ky+sikfZUXq07ggQ=="
    },
    "i18next": {
      "version": "12.0.0",
      "resolved": "https://registry.npmjs.org/i18next/-/i18next-12.0.0.tgz",
      "integrity": "sha512-Zy/nFpmBZxgmi6k9HkHbf+MwvAwiY5BDzNjNfvyLPKyalc2YBwwZtblESDlTKLDO8XSv23qYRY2uZcADDlRSjQ=="
    },
    "i18next-browser-languagedetector": {
      "version": "3.0.1",
      "resolved": "https://registry.npmjs.org/i18next-browser-languagedetector/-/i18next-browser-languagedetector-3.0.1.tgz",
      "integrity": "sha512-WFjPLNPWl62uu07AHY2g+KsC9qz0tyMq+OZEB/H7N58YKL/JLiCz9U709gaR20Mule/Ppn+uyfVx5REJJjn1HA=="
    },
    "tslib": {
      "version": "1.9.3",
      "resolved": "https://registry.npmjs.org/tslib/-/tslib-1.9.3.tgz",
      "integrity": "sha512-4krF8scpejhaOgqzBEcGM7yDIEfi0/8+8zDRZhNZZ2kjmHJ4hv3zCbQWxoJGz1iw5U0Jl0nma13xzHXcncMavQ=="
    },
    "typescript": {
      "version": "3.3.4000",
      "resolved": "https://registry.npmjs.org/typescript/-/typescript-3.3.4000.tgz",
      "integrity": "sha512-jjOcCZvpkl2+z7JFn0yBOoLQyLoIkNZAs/fYJkUG6VKy6zLPHJGfQJYFHzibB6GJaF/8QrcECtlQ5cpvRHSMEA==",
      "dev": true
    }
  }
}
