# THIS IS AN AUTOGENERATED FILE. DO NOT EDIT THIS FILE DIRECTLY.
# yarn lockfile v1


"@ionic/core@^4.11.2":
  version "4.11.2"
  resolved "https://registry.yarnpkg.com/@ionic/core/-/core-4.11.2.tgz#a51357cac60e51382442f9b53c1ce7c8661c2227"
  integrity sha512-TQzOex1o9kdkI2gKFVGPHbZnSGDFnAdKMqLnN4qZg+WYZQj1/JRsn8l1qVD6z9Qb3ULxkHFfKGs6/RaTtlCh4w==
  dependencies:
    ionicons "^4.6.3"
    tslib "^1.10.0"

ionicons@^4.6.3:
  version "4.6.3"
  resolved "https://registry.yarnpkg.com/ionicons/-/ionicons-4.6.3.tgz#e4f3a3e9b66761eb8c0db27798cc1a8ce97777d2"
  integrity sha512-cgP+VIr2cTJpMfFyVHTerq6n2jeoiGboVoe3GlaAo5zoSBDAEXORwUZhv6m+lCyxlsHCS3nqPUE+MKyZU71t8Q==

springtype@^2.0.0-alpha.1.12:
  version "2.0.0-alpha.1.12"
  resolved "https://registry.yarnpkg.com/springtype/-/springtype-2.0.0-alpha.1.12.tgz#31fa9f00f9ef834b6e1898f4d446c2950836ca60"
  integrity sha512-1ZSs3KSNOnvLF1mO/iGqvFnScG69R0VXhKUAHL9SOaHKvopAhdZoh2UPoBX6TEk8zVcZN6iGgY4ODcjTTtqWQw==

tslib@^1.10.0:
  version "1.10.0"
  resolved "https://registry.yarnpkg.com/tslib/-/tslib-1.10.0.tgz#c3c19f95973fb0a62973fb09d90d961ee43e5c8a"
  integrity sha512-qOebF53frne81cf0S9B41ByenJ3/IuH8yJKngAX35CmiZySA0khhkovshKK+jGCaMnVomla7gVlIcc3EvKPbTQ==
