{
  "name": "@springtype/springtype-incubator-state",
  "version": "0.0.1",
  "lockfileVersion": 1,
  "requires": true,
  "dependencies": {
    "@rematch/core": {
      "version": "1.1.0",
      "resolved": "https://registry.npmjs.org/@rematch/core/-/core-1.1.0.tgz",
      "integrity": "sha512-qqK6oG7peM8wwMzHOEjJUBQUeBSb0i2iwNvRpzj89ebjaqUgvMIWwNWvypk8zleCzkOe1rLRyj+05u5eNBi3lQ==",
      "requires": {
        "redux": "^4.0.1"
      }
    },
    "@rematch/immer": {
      "version": "1.1.0",
      "resolved": "https://registry.npmjs.org/@rematch/immer/-/immer-1.1.0.tgz",
      "integrity": "sha512-0fj/fL8PTcTMGIKzPMAZH+RoRCZ0ViaNNymkc3ObrMfHKSF6/6XZraRKKCNSxho7OXEZhOfkylO5ZlqWAkquxw==",
      "requires": {
        "immer": "^1.5.0"
      }
    },
    "@springtype/springtype-incubator-core": {
      "version": "file:../core",
      "requires": {
        "@types/node": "^10.14.1",
        "reflect-metadata": "^0.1.12",
        "tslib": "^1.9.3"
      },
      "dependencies": {
        "@rematch/core": {
          "version": "1.1.0",
          "bundled": true,
          "requires": {
            "redux": "^4.0.1"
          }
        },
        "@rematch/immer": {
          "version": "1.1.0",
          "bundled": true,
          "requires": {
            "immer": "^1.5.0"
          }
        },
        "@types/node": {
          "version": "10.14.3",
          "bundled": true
        },
        "immer": {
          "version": "1.12.1",
          "bundled": true
        },
        "js-tokens": {
          "version": "4.0.0",
          "bundled": true
        },
        "loose-envify": {
          "version": "1.4.0",
          "bundled": true,
          "requires": {
            "js-tokens": "^3.0.0 || ^4.0.0"
          }
        },
        "redux": {
          "version": "4.0.1",
          "bundled": true,
          "requires": {
            "loose-envify": "^1.4.0",
            "symbol-observable": "^1.2.0"
          }
        },
        "reflect-metadata": {
          "version": "0.1.13",
          "bundled": true
        },
        "symbol-observable": {
          "version": "1.2.0",
          "bundled": true
        },
        "tslib": {
          "version": "1.9.3",
          "bundled": true
        },
        "typescript": {
          "version": "3.3.4000",
          "bundled": true
        }
      }
    },
    "@types/node": {
      "version": "11.11.6",
      "resolved": "https://registry.npmjs.org/@types/node/-/node-11.11.6.tgz",
      "integrity": "sha512-Exw4yUWMBXM3X+8oqzJNRqZSwUAaS4+7NdvHqQuFi/d+synz++xmX3QIf+BFqneW8N31R8Ky+sikfZUXq07ggQ=="
    },
    "immer": {
      "version": "1.12.1",
      "resolved": "https://registry.npmjs.org/immer/-/immer-1.12.1.tgz",
      "integrity": "sha512-3fmKM6ovaqDt0CdC9daXpNi5x/YCYS3i4cwLdTVkhJdk5jrDXoPs7lCm3IqM3yhfSnz4tjjxbRG2CziQ7m8ztg=="
    },
    "js-tokens": {
      "version": "4.0.0",
      "resolved": "https://registry.npmjs.org/js-tokens/-/js-tokens-4.0.0.tgz",
      "integrity": "sha512-RdJUflcE3cUzKiMqQgsCu06FPu9UdIJO0beYbPhHN4k6apgJtifcoCtT9bcxOpYBtpD2kCM6Sbzg4CausW/PKQ=="
    },
    "loose-envify": {
      "version": "1.4.0",
      "resolved": "https://registry.npmjs.org/loose-envify/-/loose-envify-1.4.0.tgz",
      "integrity": "sha512-lyuxPGr/Wfhrlem2CL/UcnUc1zcqKAImBDzukY7Y5F/yQiNdko6+fRLevlw1HgMySw7f611UIY408EtxRSoK3Q==",
      "requires": {
        "js-tokens": "^3.0.0 || ^4.0.0"
      }
    },
    "redux": {
      "version": "4.0.1",
      "resolved": "https://registry.npmjs.org/redux/-/redux-4.0.1.tgz",
      "integrity": "sha512-R7bAtSkk7nY6O/OYMVR9RiBI+XghjF9rlbl5806HJbQph0LJVHZrU5oaO4q70eUKiqMRqm4y07KLTlMZ2BlVmg==",
      "requires": {
        "loose-envify": "^1.4.0",
        "symbol-observable": "^1.2.0"
      }
    },
    "symbol-observable": {
      "version": "1.2.0",
      "resolved": "https://registry.npmjs.org/symbol-observable/-/symbol-observable-1.2.0.tgz",
      "integrity": "sha512-e900nM8RRtGhlV36KGEU9k65K3mPb1WV70OdjfxlG2EAuM1noi/E/BaW/uMhL7bPEssK8QV57vN3esixjUvcXQ=="
    },
    "tslib": {
      "version": "1.9.3",
      "resolved": "https://registry.npmjs.org/tslib/-/tslib-1.9.3.tgz",
      "integrity": "sha512-4krF8scpejhaOgqzBEcGM7yDIEfi0/8+8zDRZhNZZ2kjmHJ4hv3zCbQWxoJGz1iw5U0Jl0nma13xzHXcncMavQ=="
    },
    "typescript": {
      "version": "3.3.4000",
      "resolved": "https://registry.npmjs.org/typescript/-/typescript-3.3.4000.tgz",
      "integrity": "sha512-jjOcCZvpkl2+z7JFn0yBOoLQyLoIkNZAs/fYJkUG6VKy6zLPHJGfQJYFHzibB6GJaF/8QrcECtlQ5cpvRHSMEA==",
      "dev": true
    }
  }
}
