{
  "name": "@springtype/i18n",
  "version": "1.0.0-alpha.1.31",
  "lockfileVersion": 1,
  "requires": true,
  "dependencies": {
    "@springtype/core": {
      "version": "file:../core",
      "requires": {
        "@types/node": "^11.13.4",
        "reflect-metadata": "^0.1.12",
        "tslib": "^1.9.3"
      }
    },
    "@types/i18next": {
      "version": "12.1.0",
      "resolved": "https://registry.npmjs.org/@types/i18next/-/i18next-12.1.0.tgz",
      "integrity": "sha512-qLyqTkp3ZKHsSoX8CNVYcTyTkxlm0aRCUpaUVetgkSlSpiNCdWryOgaYwgbO04tJIfLgBXPcy0tJ3Nl/RagllA=="
    },
    "@types/node": {
      "version": "11.13.17",
      "resolved": "https://registry.npmjs.org/@types/node/-/node-11.13.17.tgz",
      "integrity": "sha512-7W3kSMa8diVH6s24a8Qrmvwu+vG3ahOC/flMHFdWSdnPYoQI0yPO84h5zOWYXAha2Npn3Pw3SSuQSwBUfaniyQ=="
    },
    "core-js": {
      "version": "3.1.4",
      "resolved": "https://registry.npmjs.org/core-js/-/core-js-3.1.4.tgz",
      "integrity": "sha512-YNZN8lt82XIMLnLirj9MhKDFZHalwzzrL9YLt6eb0T5D0EDl4IQ90IGkua8mHbnxNrkj1d8hbdizMc0Qmg1WnQ=="
    },
    "i18next": {
      "version": "12.0.0",
      "resolved": "https://registry.npmjs.org/i18next/-/i18next-12.0.0.tgz",
      "integrity": "sha512-Zy/nFpmBZxgmi6k9HkHbf+MwvAwiY5BDzNjNfvyLPKyalc2YBwwZtblESDlTKLDO8XSv23qYRY2uZcADDlRSjQ=="
    },
    "i18next-browser-languagedetector": {
      "version": "3.0.1",
      "resolved": "https://registry.npmjs.org/i18next-browser-languagedetector/-/i18next-browser-languagedetector-3.0.1.tgz",
      "integrity": "sha512-WFjPLNPWl62uu07AHY2g+KsC9qz0tyMq+OZEB/H7N58YKL/JLiCz9U709gaR20Mule/Ppn+uyfVx5REJJjn1HA=="
    },
    "reflect-metadata": {
      "version": "0.1.13",
      "resolved": "https://registry.npmjs.org/reflect-metadata/-/reflect-metadata-0.1.13.tgz",
      "integrity": "sha512-Ts1Y/anZELhSsjMcU605fU9RE4Oi3p5ORujwbIKXfWa+0Zxs510Qrmrce5/Jowq3cHSZSJqBjypxmHarc+vEWg=="
    },
    "ts-polyfill": {
      "version": "3.5.1",
      "resolved": "https://registry.npmjs.org/ts-polyfill/-/ts-polyfill-3.5.1.tgz",
      "integrity": "sha512-IrwtFfM7ryDo3bM7c23KRXVaTCKy7Lwfl1hXkuorpBnvSffSuoD474qBPX6dggH2/H2C10zaYYmZiMia2oDJUw==",
      "requires": {
        "core-js": "^3.1.3"
      }
    },
    "tslib": {
      "version": "1.10.0",
      "resolved": "https://registry.npmjs.org/tslib/-/tslib-1.10.0.tgz",
      "integrity": "sha512-qOebF53frne81cf0S9B41ByenJ3/IuH8yJKngAX35CmiZySA0khhkovshKK+jGCaMnVomla7gVlIcc3EvKPbTQ=="
    },
    "typescript": {
      "version": "3.5.3",
      "resolved": "https://registry.npmjs.org/typescript/-/typescript-3.5.3.tgz",
      "integrity": "sha512-ACzBtm/PhXBDId6a6sDJfroT2pOWt/oOnk4/dElG5G33ZL776N3Y6/6bKZJBFpd+b05F3Ct9qDjMeJmRWtE2/g==",
      "dev": true
    }
  }
}
