# THIS IS AN AUTOGENERATED FILE. DO NOT EDIT THIS FILE DIRECTLY.
# yarn lockfile v1


"@babel/runtime@^7.3.1":
  version "7.5.5"
  resolved "https://registry.yarnpkg.com/@babel/runtime/-/runtime-7.5.5.tgz#74fba56d35efbeca444091c7850ccd494fd2f132"
  integrity sha512-28QvEGyQyNkB0/m2B4FU7IEZGK2NUrcMtT6BZEFALTguLk+AUT6ofsHtPk5QyjAdUkpMJ+/Em+quwz4HOt30AQ==
  dependencies:
    regenerator-runtime "^0.13.2"

"@springtype/core@file:../core/dist":
  version "1.0.0-alpha.1.38"
  dependencies:
    "@types/node" "^11.13.4"
    reflect-metadata "^0.1.12"
    tslib "^1.9.3"

"@types/node@^11.13.4":
  version "11.13.19"
  resolved "https://registry.yarnpkg.com/@types/node/-/node-11.13.19.tgz#c7bd7009aa850464775d8a814e18138d633cd676"
  integrity sha512-tLRDU1hmcWamtgRT2iVRdraAQVGFQGgtcqracSo9XyMN1VeZLSVGb8RJJxVqab7UGbijoUijGPVFMjmqzyZIUw==

i18next-browser-languagedetector@^3.0.3:
  version "3.0.3"
  resolved "https://registry.yarnpkg.com/i18next-browser-languagedetector/-/i18next-browser-languagedetector-3.0.3.tgz#879ebe421685c70cc5cfa96191364a35ea7da742"
  integrity sha512-1YuAogyQap0J6N4kM+6gAjZ6T7QWrp3xZCmSs0QedkNmgAKhj7FiQlCviHKl3IwbM6zJNgft4D7UDPWb1dTCMQ==

i18next@17.0.11:
  version "17.0.11"
  resolved "https://registry.yarnpkg.com/i18next/-/i18next-17.0.11.tgz#36424dc01f6de391fae87878d24f5ff713565c27"
  integrity sha512-O+yzoNi0usYcd4oi85EFY4WuwZ8NNsYJLauZ629YSjwgIi2D7eYDSQxy6aAR67V++b//GNuZEk7hx/i3L9Rxag==
  dependencies:
    "@babel/runtime" "^7.3.1"

reflect-metadata@^0.1.12:
  version "0.1.13"
  resolved "https://registry.yarnpkg.com/reflect-metadata/-/reflect-metadata-0.1.13.tgz#67ae3ca57c972a2aa1642b10fe363fe32d49dc08"
  integrity sha512-Ts1Y/anZELhSsjMcU605fU9RE4Oi3p5ORujwbIKXfWa+0Zxs510Qrmrce5/Jowq3cHSZSJqBjypxmHarc+vEWg==

regenerator-runtime@^0.13.2:
  version "0.13.3"
  resolved "https://registry.yarnpkg.com/regenerator-runtime/-/regenerator-runtime-0.13.3.tgz#7cf6a77d8f5c6f60eb73c5fc1955b2ceb01e6bf5"
  integrity sha512-naKIZz2GQ8JWh///G7L3X6LaQUAMp2lvb1rvwwsURe/VXwD6VMfr+/1NuNw3ag8v2kY1aQ/go5SNn79O9JU7yw==

tslib@^1.9.3:
  version "1.10.0"
  resolved "https://registry.yarnpkg.com/tslib/-/tslib-1.10.0.tgz#c3c19f95973fb0a62973fb09d90d961ee43e5c8a"
  integrity sha512-qOebF53frne81cf0S9B41ByenJ3/IuH8yJKngAX35CmiZySA0khhkovshKK+jGCaMnVomla7gVlIcc3EvKPbTQ==

typescript@^3.3.4000:
  version "3.5.3"
  resolved "https://registry.yarnpkg.com/typescript/-/typescript-3.5.3.tgz#c830f657f93f1ea846819e929092f5fe5983e977"
  integrity sha512-ACzBtm/PhXBDId6a6sDJfroT2pOWt/oOnk4/dElG5G33ZL776N3Y6/6bKZJBFpd+b05F3Ct9qDjMeJmRWtE2/g==
