{
  "name": "st-bundle-test-project",
  "version": "1.0.0-alpha.1.44",
  "lockfileVersion": 1,
  "requires": true,
  "dependencies": {
    "@springtype/core": {
      "version": "file:../../../../core/dist",
      "requires": {
        "@types/node": "^11.13.4",
        "reflect-metadata": "^0.1.12",
        "tslib": "^1.9.3"
      },
      "dependencies": {
        "@types/node": {
          "version": "11.13.19",
          "resolved": "https://registry.npmjs.org/@types/node/-/node-11.13.19.tgz",
          "integrity": "sha512-tLRDU1hmcWamtgRT2iVRdraAQVGFQGgtcqracSo9XyMN1VeZLSVGb8RJJxVqab7UGbijoUijGPVFMjmqzyZIUw=="
        },
        "reflect-metadata": {
          "version": "0.1.13",
          "resolved": "https://registry.npmjs.org/reflect-metadata/-/reflect-metadata-0.1.13.tgz",
          "integrity": "sha512-Ts1Y/anZELhSsjMcU605fU9RE4Oi3p5ORujwbIKXfWa+0Zxs510Qrmrce5/Jowq3cHSZSJqBjypxmHarc+vEWg=="
        },
        "tslib": {
          "version": "1.10.0",
          "resolved": "https://registry.npmjs.org/tslib/-/tslib-1.10.0.tgz",
          "integrity": "sha512-qOebF53frne81cf0S9B41ByenJ3/IuH8yJKngAX35CmiZySA0khhkovshKK+jGCaMnVomla7gVlIcc3EvKPbTQ=="
        }
      }
    },
    "@types/node": {
      "version": "11.13.19",
      "resolved": "https://registry.npmjs.org/@types/node/-/node-11.13.19.tgz",
      "integrity": "sha512-tLRDU1hmcWamtgRT2iVRdraAQVGFQGgtcqracSo9XyMN1VeZLSVGb8RJJxVqab7UGbijoUijGPVFMjmqzyZIUw==",
      "dev": true
    }
  }
}
