# THIS IS AN AUTOGENERATED FILE. DO NOT EDIT THIS FILE DIRECTLY.
# yarn lockfile v1


"@rematch/core@1.1.0":
  version "1.1.0"
  resolved "https://registry.yarnpkg.com/@rematch/core/-/core-1.1.0.tgz#702aa1d20420cec403d16626cbb7730f9b1a756d"
  integrity sha512-qqK6oG7peM8wwMzHOEjJUBQUeBSb0i2iwNvRpzj89ebjaqUgvMIWwNWvypk8zleCzkOe1rLRyj+05u5eNBi3lQ==
  dependencies:
    redux "^4.0.1"

"@rematch/immer@1.0.2":
  version "1.0.2"
  resolved "https://registry.yarnpkg.com/@rematch/immer/-/immer-1.0.2.tgz#026756f37b3dc202dc750a206c8b2c10eff2f802"
  integrity sha512-2BA6o6OY20+WGPCRXZKzhtelxoPT6Ch5O/WJnFWCHIC/1UVr81yPw4IcMESUXbYi8/kJDV+MPgkYnEDvs94hXA==
  dependencies:
    immer "^1.2.0"

"@springtype/core@file:../core/dist":
  version "1.0.0-alpha.1.38"
  dependencies:
    "@types/node" "^11.13.4"
    reflect-metadata "^0.1.12"
    tslib "^1.9.3"

"@types/node@^11.10.5", "@types/node@^11.13.4":
  version "11.13.19"
  resolved "https://registry.yarnpkg.com/@types/node/-/node-11.13.19.tgz#c7bd7009aa850464775d8a814e18138d633cd676"
  integrity sha512-tLRDU1hmcWamtgRT2iVRdraAQVGFQGgtcqracSo9XyMN1VeZLSVGb8RJJxVqab7UGbijoUijGPVFMjmqzyZIUw==

immer@^1.2.0:
  version "1.12.1"
  resolved "https://registry.yarnpkg.com/immer/-/immer-1.12.1.tgz#40c6e5b292c00560836c2993bda3a24379d466f5"
  integrity sha512-3fmKM6ovaqDt0CdC9daXpNi5x/YCYS3i4cwLdTVkhJdk5jrDXoPs7lCm3IqM3yhfSnz4tjjxbRG2CziQ7m8ztg==

"js-tokens@^3.0.0 || ^4.0.0":
  version "4.0.0"
  resolved "https://registry.yarnpkg.com/js-tokens/-/js-tokens-4.0.0.tgz#19203fb59991df98e3a287050d4647cdeaf32499"
  integrity sha512-RdJUflcE3cUzKiMqQgsCu06FPu9UdIJO0beYbPhHN4k6apgJtifcoCtT9bcxOpYBtpD2kCM6Sbzg4CausW/PKQ==

loose-envify@^1.4.0:
  version "1.4.0"
  resolved "https://registry.yarnpkg.com/loose-envify/-/loose-envify-1.4.0.tgz#71ee51fa7be4caec1a63839f7e682d8132d30caf"
  integrity sha512-lyuxPGr/Wfhrlem2CL/UcnUc1zcqKAImBDzukY7Y5F/yQiNdko6+fRLevlw1HgMySw7f611UIY408EtxRSoK3Q==
  dependencies:
    js-tokens "^3.0.0 || ^4.0.0"

redux@^4.0.1:
  version "4.0.4"
  resolved "https://registry.yarnpkg.com/redux/-/redux-4.0.4.tgz#4ee1aeb164b63d6a1bcc57ae4aa0b6e6fa7a3796"
  integrity sha512-vKv4WdiJxOWKxK0yRoaK3Y4pxxB0ilzVx6dszU2W8wLxlb2yikRph4iV/ymtdJ6ZxpBLFbyrxklnT5yBbQSl3Q==
  dependencies:
    loose-envify "^1.4.0"
    symbol-observable "^1.2.0"

reflect-metadata@^0.1.12:
  version "0.1.13"
  resolved "https://registry.yarnpkg.com/reflect-metadata/-/reflect-metadata-0.1.13.tgz#67ae3ca57c972a2aa1642b10fe363fe32d49dc08"
  integrity sha512-Ts1Y/anZELhSsjMcU605fU9RE4Oi3p5ORujwbIKXfWa+0Zxs510Qrmrce5/Jowq3cHSZSJqBjypxmHarc+vEWg==

symbol-observable@^1.2.0:
  version "1.2.0"
  resolved "https://registry.yarnpkg.com/symbol-observable/-/symbol-observable-1.2.0.tgz#c22688aed4eab3cdc2dfeacbb561660560a00804"
  integrity sha512-e900nM8RRtGhlV36KGEU9k65K3mPb1WV70OdjfxlG2EAuM1noi/E/BaW/uMhL7bPEssK8QV57vN3esixjUvcXQ==

tslib@^1.9.3:
  version "1.10.0"
  resolved "https://registry.yarnpkg.com/tslib/-/tslib-1.10.0.tgz#c3c19f95973fb0a62973fb09d90d961ee43e5c8a"
  integrity sha512-qOebF53frne81cf0S9B41ByenJ3/IuH8yJKngAX35CmiZySA0khhkovshKK+jGCaMnVomla7gVlIcc3EvKPbTQ==

typescript@^3.3.4000:
  version "3.5.3"
  resolved "https://registry.yarnpkg.com/typescript/-/typescript-3.5.3.tgz#c830f657f93f1ea846819e929092f5fe5983e977"
  integrity sha512-ACzBtm/PhXBDId6a6sDJfroT2pOWt/oOnk4/dElG5G33ZL776N3Y6/6bKZJBFpd+b05F3Ct9qDjMeJmRWtE2/g==
